
Microsoft Visual Studio Solution File, Format Version 12.00
# Visual Studio Version 16
VisualStudioVersion = 16.6.30114.105
MinimumVisualStudioVersion = 10.0.40219.1
Project("{2150E333-8FDC-42A3-9474-1A3956D46DE8}") = "Test", "Test", "{221EF56B-4211-4D19-92FA-984D715DC3B2}"
EndProject
Project("{9A19103F-16F7-4668-BE54-9A1E7A4F7556}") = "DiffProject.Tests.UnitTests", "Test\DiffProject.UnitTests\DiffProject.Tests.UnitTests.csproj", "{CB8D3C12-ABE1-41DE-A131-F33AD8BFE1D1}"
EndProject
Project("{2150E333-8FDC-42A3-9474-1A3956D46DE8}") = "Src", "Src", "{E2B828DF-E4D7-4ED5-A02E-F6ABAE10164F}"
EndProject
Project("{9A19103F-16F7-4668-BE54-9A1E7A4F7556}") = "DiffProject.Application", "Src\DiffProject.Application\DiffProject.Application.csproj", "{3AD1ABF8-CAA0-4807-8177-AF0FBE51A004}"
EndProject
Project("{9A19103F-16F7-4668-BE54-9A1E7A4F7556}") = "DiffProject.Domain", "Src\DiffProject.Domain\DiffProject.Domain.csproj", "{7A315D60-F6BA-4D76-BB66-73A1A3963A59}"
EndProject
Project("{2150E333-8FDC-42A3-9474-1A3956D46DE8}") = "Resources", "Resources", "{3A9D966B-6A8C-4CA3-998F-251257615FD7}"
	ProjectSection(SolutionItems) = preProject
		Test\Resources\LoremIpsum1.txt = Test\Resources\LoremIpsum1.txt
		Test\Resources\LoremIpsum2.txt = Test\Resources\LoremIpsum2.txt
		Test\Resources\LoremIpsumDifferentSize.txt = Test\Resources\LoremIpsumDifferentSize.txt
	EndProjectSection
EndProject
Project("{9A19103F-16F7-4668-BE54-9A1E7A4F7556}") = "DiffProject.WebAPI", "Src\DiffProject.WebAPI\DiffProject.WebAPI.csproj", "{3635EF36-1A36-402C-8534-232B607A77B1}"
EndProject
Project("{9A19103F-16F7-4668-BE54-9A1E7A4F7556}") = "DiffProject.Tests.IntegrationTests", "Test\DiffProject.Tests.IntegrationTests\DiffProject.Tests.IntegrationTests.csproj", "{C3FB4076-4947-4D35-95EA-39952C8807D5}"
EndProject
Project("{9A19103F-16F7-4668-BE54-9A1E7A4F7556}") = "DiffProject.Infrastructure", "Src\DiffProject.Infrastructure\DiffProject.Infrastructure.csproj", "{AAA39B45-8134-4496-A7EB-0215AFB15F65}"
EndProject
Project("{2150E333-8FDC-42A3-9474-1A3956D46DE8}") = "Solution Items", "Solution Items", "{501AAAA9-E948-4CCE-90C2-9AC4BAA6B991}"
	ProjectSection(SolutionItems) = preProject
		README.md = README.md
	EndProjectSection
EndProject
Global
	GlobalSection(SolutionConfigurationPlatforms) = preSolution
		Debug|Any CPU = Debug|Any CPU
		Debug|x64 = Debug|x64
		Debug|x86 = Debug|x86
		Release|Any CPU = Release|Any CPU
		Release|x64 = Release|x64
		Release|x86 = Release|x86
	EndGlobalSection
	GlobalSection(ProjectConfigurationPlatforms) = postSolution
		{CB8D3C12-ABE1-41DE-A131-F33AD8BFE1D1}.Debug|Any CPU.ActiveCfg = Debug|Any CPU
		{CB8D3C12-ABE1-41DE-A131-F33AD8BFE1D1}.Debug|Any CPU.Build.0 = Debug|Any CPU
		{CB8D3C12-ABE1-41DE-A131-F33AD8BFE1D1}.Debug|x64.ActiveCfg = Debug|Any CPU
		{CB8D3C12-ABE1-41DE-A131-F33AD8BFE1D1}.Debug|x64.Build.0 = Debug|Any CPU
		{CB8D3C12-ABE1-41DE-A131-F33AD8BFE1D1}.Debug|x86.ActiveCfg = Debug|Any CPU
		{CB8D3C12-ABE1-41DE-A131-F33AD8BFE1D1}.Debug|x86.Build.0 = Debug|Any CPU
		{CB8D3C12-ABE1-41DE-A131-F33AD8BFE1D1}.Release|Any CPU.ActiveCfg = Release|Any CPU
		{CB8D3C12-ABE1-41DE-A131-F33AD8BFE1D1}.Release|Any CPU.Build.0 = Release|Any CPU
		{CB8D3C12-ABE1-41DE-A131-F33AD8BFE1D1}.Release|x64.ActiveCfg = Release|Any CPU
		{CB8D3C12-ABE1-41DE-A131-F33AD8BFE1D1}.Release|x64.Build.0 = Release|Any CPU
		{CB8D3C12-ABE1-41DE-A131-F33AD8BFE1D1}.Release|x86.ActiveCfg = Release|Any CPU
		{CB8D3C12-ABE1-41DE-A131-F33AD8BFE1D1}.Release|x86.Build.0 = Release|Any CPU
		{3AD1ABF8-CAA0-4807-8177-AF0FBE51A004}.Debug|Any CPU.ActiveCfg = Debug|Any CPU
		{3AD1ABF8-CAA0-4807-8177-AF0FBE51A004}.Debug|Any CPU.Build.0 = Debug|Any CPU
		{3AD1ABF8-CAA0-4807-8177-AF0FBE51A004}.Debug|x64.ActiveCfg = Debug|Any CPU
		{3AD1ABF8-CAA0-4807-8177-AF0FBE51A004}.Debug|x64.Build.0 = Debug|Any CPU
		{3AD1ABF8-CAA0-4807-8177-AF0FBE51A004}.Debug|x86.ActiveCfg = Debug|Any CPU
		{3AD1ABF8-CAA0-4807-8177-AF0FBE51A004}.Debug|x86.Build.0 = Debug|Any CPU
		{3AD1ABF8-CAA0-4807-8177-AF0FBE51A004}.Release|Any CPU.ActiveCfg = Release|Any CPU
		{3AD1ABF8-CAA0-4807-8177-AF0FBE51A004}.Release|Any CPU.Build.0 = Release|Any CPU
		{3AD1ABF8-CAA0-4807-8177-AF0FBE51A004}.Release|x64.ActiveCfg = Release|Any CPU
		{3AD1ABF8-CAA0-4807-8177-AF0FBE51A004}.Release|x64.Build.0 = Release|Any CPU
		{3AD1ABF8-CAA0-4807-8177-AF0FBE51A004}.Release|x86.ActiveCfg = Release|Any CPU
		{3AD1ABF8-CAA0-4807-8177-AF0FBE51A004}.Release|x86.Build.0 = Release|Any CPU
		{7A315D60-F6BA-4D76-BB66-73A1A3963A59}.Debug|Any CPU.ActiveCfg = Debug|Any CPU
		{7A315D60-F6BA-4D76-BB66-73A1A3963A59}.Debug|Any CPU.Build.0 = Debug|Any CPU
		{7A315D60-F6BA-4D76-BB66-73A1A3963A59}.Debug|x64.ActiveCfg = Debug|Any CPU
		{7A315D60-F6BA-4D76-BB66-73A1A3963A59}.Debug|x64.Build.0 = Debug|Any CPU
		{7A315D60-F6BA-4D76-BB66-73A1A3963A59}.Debug|x86.ActiveCfg = Debug|Any CPU
		{7A315D60-F6BA-4D76-BB66-73A1A3963A59}.Debug|x86.Build.0 = Debug|Any CPU
		{7A315D60-F6BA-4D76-BB66-73A1A3963A59}.Release|Any CPU.ActiveCfg = Release|Any CPU
		{7A315D60-F6BA-4D76-BB66-73A1A3963A59}.Release|Any CPU.Build.0 = Release|Any CPU
		{7A315D60-F6BA-4D76-BB66-73A1A3963A59}.Release|x64.ActiveCfg = Release|Any CPU
		{7A315D60-F6BA-4D76-BB66-73A1A3963A59}.Release|x64.Build.0 = Release|Any CPU
		{7A315D60-F6BA-4D76-BB66-73A1A3963A59}.Release|x86.ActiveCfg = Release|Any CPU
		{7A315D60-F6BA-4D76-BB66-73A1A3963A59}.Release|x86.Build.0 = Release|Any CPU
		{3635EF36-1A36-402C-8534-232B607A77B1}.Debug|Any CPU.ActiveCfg = Debug|Any CPU
		{3635EF36-1A36-402C-8534-232B607A77B1}.Debug|Any CPU.Build.0 = Debug|Any CPU
		{3635EF36-1A36-402C-8534-232B607A77B1}.Debug|x64.ActiveCfg = Debug|Any CPU
		{3635EF36-1A36-402C-8534-232B607A77B1}.Debug|x64.Build.0 = Debug|Any CPU
		{3635EF36-1A36-402C-8534-232B607A77B1}.Debug|x86.ActiveCfg = Debug|Any CPU
		{3635EF36-1A36-402C-8534-232B607A77B1}.Debug|x86.Build.0 = Debug|Any CPU
		{3635EF36-1A36-402C-8534-232B607A77B1}.Release|Any CPU.ActiveCfg = Release|Any CPU
		{3635EF36-1A36-402C-8534-232B607A77B1}.Release|Any CPU.Build.0 = Release|Any CPU
		{3635EF36-1A36-402C-8534-232B607A77B1}.Release|x64.ActiveCfg = Release|Any CPU
		{3635EF36-1A36-402C-8534-232B607A77B1}.Release|x64.Build.0 = Release|Any CPU
		{3635EF36-1A36-402C-8534-232B607A77B1}.Release|x86.ActiveCfg = Release|Any CPU
		{3635EF36-1A36-402C-8534-232B607A77B1}.Release|x86.Build.0 = Release|Any CPU
		{C3FB4076-4947-4D35-95EA-39952C8807D5}.Debug|Any CPU.ActiveCfg = Debug|Any CPU
		{C3FB4076-4947-4D35-95EA-39952C8807D5}.Debug|Any CPU.Build.0 = Debug|Any CPU
		{C3FB4076-4947-4D35-95EA-39952C8807D5}.Debug|x64.ActiveCfg = Debug|Any CPU
		{C3FB4076-4947-4D35-95EA-39952C8807D5}.Debug|x64.Build.0 = Debug|Any CPU
		{C3FB4076-4947-4D35-95EA-39952C8807D5}.Debug|x86.ActiveCfg = Debug|Any CPU
		{C3FB4076-4947-4D35-95EA-39952C8807D5}.Debug|x86.Build.0 = Debug|Any CPU
		{C3FB4076-4947-4D35-95EA-39952C8807D5}.Release|Any CPU.ActiveCfg = Release|Any CPU
		{C3FB4076-4947-4D35-95EA-39952C8807D5}.Release|Any CPU.Build.0 = Release|Any CPU
		{C3FB4076-4947-4D35-95EA-39952C8807D5}.Release|x64.ActiveCfg = Release|Any CPU
		{C3FB4076-4947-4D35-95EA-39952C8807D5}.Release|x64.Build.0 = Release|Any CPU
		{C3FB4076-4947-4D35-95EA-39952C8807D5}.Release|x86.ActiveCfg = Release|Any CPU
		{C3FB4076-4947-4D35-95EA-39952C8807D5}.Release|x86.Build.0 = Release|Any CPU
		{AAA39B45-8134-4496-A7EB-0215AFB15F65}.Debug|Any CPU.ActiveCfg = Debug|Any CPU
		{AAA39B45-8134-4496-A7EB-0215AFB15F65}.Debug|Any CPU.Build.0 = Debug|Any CPU
		{AAA39B45-8134-4496-A7EB-0215AFB15F65}.Debug|x64.ActiveCfg = Debug|Any CPU
		{AAA39B45-8134-4496-A7EB-0215AFB15F65}.Debug|x64.Build.0 = Debug|Any CPU
		{AAA39B45-8134-4496-A7EB-0215AFB15F65}.Debug|x86.ActiveCfg = Debug|Any CPU
		{AAA39B45-8134-4496-A7EB-0215AFB15F65}.Debug|x86.Build.0 = Debug|Any CPU
		{AAA39B45-8134-4496-A7EB-0215AFB15F65}.Release|Any CPU.ActiveCfg = Release|Any CPU
		{AAA39B45-8134-4496-A7EB-0215AFB15F65}.Release|Any CPU.Build.0 = Release|Any CPU
		{AAA39B45-8134-4496-A7EB-0215AFB15F65}.Release|x64.ActiveCfg = Release|Any CPU
		{AAA39B45-8134-4496-A7EB-0215AFB15F65}.Release|x64.Build.0 = Release|Any CPU
		{AAA39B45-8134-4496-A7EB-0215AFB15F65}.Release|x86.ActiveCfg = Release|Any CPU
		{AAA39B45-8134-4496-A7EB-0215AFB15F65}.Release|x86.Build.0 = Release|Any CPU
	EndGlobalSection
	GlobalSection(SolutionProperties) = preSolution
		HideSolutionNode = FALSE
	EndGlobalSection
	GlobalSection(NestedProjects) = preSolution
		{CB8D3C12-ABE1-41DE-A131-F33AD8BFE1D1} = {221EF56B-4211-4D19-92FA-984D715DC3B2}
		{3AD1ABF8-CAA0-4807-8177-AF0FBE51A004} = {E2B828DF-E4D7-4ED5-A02E-F6ABAE10164F}
		{7A315D60-F6BA-4D76-BB66-73A1A3963A59} = {E2B828DF-E4D7-4ED5-A02E-F6ABAE10164F}
		{3A9D966B-6A8C-4CA3-998F-251257615FD7} = {221EF56B-4211-4D19-92FA-984D715DC3B2}
		{3635EF36-1A36-402C-8534-232B607A77B1} = {E2B828DF-E4D7-4ED5-A02E-F6ABAE10164F}
		{C3FB4076-4947-4D35-95EA-39952C8807D5} = {221EF56B-4211-4D19-92FA-984D715DC3B2}
		{AAA39B45-8134-4496-A7EB-0215AFB15F65} = {E2B828DF-E4D7-4ED5-A02E-F6ABAE10164F}
	EndGlobalSection
	GlobalSection(ExtensibilityGlobals) = postSolution
		SolutionGuid = {E8F439C4-D4E0-4470-BEE2-93416F520B37}
	EndGlobalSection
EndGlobal
